
Microsoft Visual Studio Solution File, Format Version 12.00
# Visual Studio Version 17
VisualStudioVersion = 17.14.36623.8 d17.14
MinimumVisualStudioVersion = 10.0.40219.1
Project("{FAE04EC0-301F-11D3-BF4B-00C04F79EFBC}") = "ParkSystem_UI", "ParkSystem_UI\ParkSystem_UI.csproj", "{B2B4A893-0C93-4AC3-A3E9-761743FC9AD7}"
EndProject
Global
	GlobalSection(SolutionConfigurationPlatforms) = preSolution
		Debug|Any CPU = Debug|Any CPU
		Release|Any CPU = Release|Any CPU
	EndGlobalSection
	GlobalSection(ProjectConfigurationPlatforms) = postSolution
		{B2B4A893-0C93-4AC3-A3E9-761743FC9AD7}.Debug|Any CPU.ActiveCfg = Debug|Any CPU
		{B2B4A893-0C93-4AC3-A3E9-761743FC9AD7}.Debug|Any CPU.Build.0 = Debug|Any CPU
		{B2B4A893-0C93-4AC3-A3E9-761743FC9AD7}.Release|Any CPU.ActiveCfg = Release|Any CPU
		{B2B4A893-0C93-4AC3-A3E9-761743FC9AD7}.Release|Any CPU.Build.0 = Release|Any CPU
	EndGlobalSection
	GlobalSection(SolutionProperties) = preSolution
		HideSolutionNode = FALSE
	EndGlobalSection
	GlobalSection(ExtensibilityGlobals) = postSolution
		SolutionGuid = {66DCEEE7-7261-4FD9-BFC4-7AB2C651B507}
	EndGlobalSection
EndGlobal
